{
  "originHash" : "616162a93ec93a3be61985d7e8072aec87dfab0cf44d45170fc248c00568e178",
  "pins" : [
    {
      "identity" : "dmaction",
      "kind" : "remoteSourceControl",
      "location" : "https://github.com/nikolay-dementiev/DMAction.git",
      "state" : {
        "branch" : "main",
        "revision" : "c7540062a8e1e03b903cb5315250c468148eab63"
      }
    },
    {
      "identity" : "dmvariableblurview",
      "kind" : "remoteSourceControl",
      "location" : "https://github.com/nikolay-dementiev/DMVariableBlurView.git",
      "state" : {
        "branch" : "main",
        "revision" : "196724164c898d03a977370157a2c4996e30b091"
      }
    },
    {
      "identity" : "swift-custom-dump",
      "kind" : "remoteSourceControl",
      "location" : "https://github.com/pointfreeco/swift-custom-dump",
      "state" : {
        "revision" : "82645ec760917961cfa08c9c0c7104a57a0fa4b1",
        "version" : "1.3.3"
      }
    },
    {
      "identity" : "swift-snapshot-testing",
      "kind" : "remoteSourceControl",
      "location" : "https://github.com/pointfreeco/swift-snapshot-testing",
      "state" : {
        "revision" : "a8b7c5e0ed33d8ab8887d1654d9b59f2cbad529b",
        "version" : "1.18.7"
      }
    },
    {
      "identity" : "swift-syntax",
      "kind" : "remoteSourceControl",
      "location" : "https://github.com/swiftlang/swift-syntax",
      "state" : {
        "revision" : "4799286537280063c85a32f09884cfbca301b1a1",
        "version" : "602.0.0"
      }
    },
    {
      "identity" : "swiftlintplugin",
      "kind" : "remoteSourceControl",
      "location" : "https://github.com/GayleDunham/SwiftLintPlugin.git",
      "state" : {
        "branch" : "main",
        "revision" : "5c864493d1231a79f48cd4212f4410acad959306"
      }
    },
    {
      "identity" : "xctest-dynamic-overlay",
      "kind" : "remoteSourceControl",
      "location" : "https://github.com/pointfreeco/xctest-dynamic-overlay",
      "state" : {
        "revision" : "4c27acf5394b645b70d8ba19dc249c0472d5f618",
        "version" : "1.7.0"
      }
    }
  ],
  "version" : 3
}
