{
  "originHash" : "d6a826a2a40e5ae3014679b2a8f7f7e10c3b4272e498248558ec4836503441e5",
  "pins" : [
    {
      "identity" : "dmaction",
      "kind" : "remoteSourceControl",
      "location" : "https://github.com/nikolay-dementiev/DMAction.git",
      "state" : {
        "branch" : "main",
        "revision" : "1554abc85bdaa5ae0c376ede0ce13142ce9a22af"
      }
    },
    {
      "identity" : "swiftlintplugin",
      "kind" : "remoteSourceControl",
      "location" : "https://github.com/GayleDunham/SwiftLintPlugin.git",
      "state" : {
        "branch" : "main",
        "revision" : "0bb7767a7c64701b62cb6fcb4d846bd01869662b"
      }
    },
    {
      "identity" : "viewinspector",
      "kind" : "remoteSourceControl",
      "location" : "https://github.com/nalexn/ViewInspector",
      "state" : {
        "revision" : "788e7879d38a839c4e348ab0762dcc0364e646a2",
        "version" : "0.10.1"
      }
    }
  ],
  "version" : 3
}
