{
  "originHash" : "7b9e107b52f024fd0cafaa8e451df2dfabdb1aec78f5760eb3ac6edc54f4cd33",
  "pins" : [
    {
      "identity" : "swiftlintplugin",
      "kind" : "remoteSourceControl",
      "location" : "https://github.com/GayleDunham/SwiftLintPlugin.git",
      "state" : {
        "branch" : "main",
        "revision" : "0bb7767a7c64701b62cb6fcb4d846bd01869662b"
      }
    }
  ],
  "version" : 3
}
