{
  "originHash" : "88676f1f6630df6f48e88595bc309fbb3c95f301eab036b9f766f3706833af60",
  "pins" : [
    {
      "identity" : "dmaction",
      "kind" : "remoteSourceControl",
      "location" : "https://github.com/nikolay-dementiev/DMAction.git",
      "state" : {
        "branch" : "main",
        "revision" : "c7540062a8e1e03b903cb5315250c468148eab63"
      }
    },
    {
      "identity" : "swiftlintplugin",
      "kind" : "remoteSourceControl",
      "location" : "https://github.com/GayleDunham/SwiftLintPlugin.git",
      "state" : {
        "branch" : "main",
        "revision" : "0bb7767a7c64701b62cb6fcb4d846bd01869662b"
      }
    }
  ],
  "version" : 3
}
