PODS:
  - DMErrorHandling (0.1.20)

DEPENDENCIES:
  - DMErrorHandling (from `../../`)

EXTERNAL SOURCES:
  DMErrorHandling:
    :path: "../../"

SPEC CHECKSUMS:
  DMErrorHandling: 77256f45040bf0cfbc871ffefa975baaae8e3fa2

PODFILE CHECKSUM: c564a3d0ae0eefaa01c6d57dc9edd1ef34add901

COCOAPODS: 1.16.2
