PODS:
  - DMErrorHandling (0.1.25)

DEPENDENCIES:
  - DMErrorHandling (from `../../`)

EXTERNAL SOURCES:
  DMErrorHandling:
    :path: "../../"

SPEC CHECKSUMS:
  DMErrorHandling: 02ef5a2601bf12ed4edb791aa0d1aeab4764caee

PODFILE CHECKSUM: abe689c1f3c8cb7811d5fd4b514b09d412ca86cb

COCOAPODS: 1.16.2
