PODS:
  - DMErrorHandling (0.1.21)

DEPENDENCIES:
  - DMErrorHandling (from `../../`)

EXTERNAL SOURCES:
  DMErrorHandling:
    :path: "../../"

SPEC CHECKSUMS:
  DMErrorHandling: 59550151c112031081c5da4e84e2cbbe7223180a

PODFILE CHECKSUM: c564a3d0ae0eefaa01c6d57dc9edd1ef34add901

COCOAPODS: 1.16.2
