// !$*UTF8*$!
{
	archiveVersion = 1;
	classes = {
	};
	objectVersion = 77;
	objects = {

/* Begin PBXBuildFile section */
		2405E377A0C5394CF040C349 /* Pods_DMErrorHandlingPodExampleTests.framework in Frameworks */ = {isa = PBXBuildFile; fileRef = E9B1E2FA91CE58F171A55075 /* Pods_DMErrorHandlingPodExampleTests.framework */; };
		3C630D9FA5014DCB2BD57764 /* Pods_DMErrorHandlingPodExample_DMErrorHandlingPodExampleUITests.framework in Frameworks */ = {isa = PBXBuildFile; fileRef = 4892D1F26B37AB43F62760D1 /* Pods_DMErrorHandlingPodExample_DMErrorHandlingPodExampleUITests.framework */; };
		CE1E04A403F44AC72CD414C6 /* Pods_DMErrorHandlingPodExample.framework in Frameworks */ = {isa = PBXBuildFile; fileRef = 572E3D77020C7DF04C847922 /* Pods_DMErrorHandlingPodExample.framework */; };
/* End PBXBuildFile section */

/* Begin PBXContainerItemProxy section */
		2FCAF1BD2D39715B007BF1D2 /* PBXContainerItemProxy */ = {
			isa = PBXContainerItemProxy;
			containerPortal = 2FCAF1A42D397159007BF1D2 /* Project object */;
			proxyType = 1;
			remoteGlobalIDString = 2FCAF1AB2D397159007BF1D2;
			remoteInfo = DMErrorHandlingPodExample;
		};
		2FCAF1C72D39715B007BF1D2 /* PBXContainerItemProxy */ = {
			isa = PBXContainerItemProxy;
			containerPortal = 2FCAF1A42D397159007BF1D2 /* Project object */;
			proxyType = 1;
			remoteGlobalIDString = 2FCAF1AB2D397159007BF1D2;
			remoteInfo = DMErrorHandlingPodExample;
		};
/* End PBXContainerItemProxy section */

/* Begin PBXFileReference section */
		0C811EE45907218CD22F39BC /* Pods-DMErrorHandlingPodExample.release.xcconfig */ = {isa = PBXFileReference; includeInIndex = 1; lastKnownFileType = text.xcconfig; name = "Pods-DMErrorHandlingPodExample.release.xcconfig"; path = "Target Support Files/Pods-DMErrorHandlingPodExample/Pods-DMErrorHandlingPodExample.release.xcconfig"; sourceTree = "<group>"; };
		2FCAF1AC2D397159007BF1D2 /* DMErrorHandlingPodExample.app */ = {isa = PBXFileReference; explicitFileType = wrapper.application; includeInIndex = 0; path = DMErrorHandlingPodExample.app; sourceTree = BUILT_PRODUCTS_DIR; };
		2FCAF1BC2D39715B007BF1D2 /* DMErrorHandlingPodExampleTests.xctest */ = {isa = PBXFileReference; explicitFileType = wrapper.cfbundle; includeInIndex = 0; path = DMErrorHandlingPodExampleTests.xctest; sourceTree = BUILT_PRODUCTS_DIR; };
		2FCAF1C62D39715B007BF1D2 /* DMErrorHandlingPodExampleUITests.xctest */ = {isa = PBXFileReference; explicitFileType = wrapper.cfbundle; includeInIndex = 0; path = DMErrorHandlingPodExampleUITests.xctest; sourceTree = BUILT_PRODUCTS_DIR; };
		387BB66448E1871BDF3ABE17 /* Pods-DMErrorHandlingPodExampleTests.debug.xcconfig */ = {isa = PBXFileReference; includeInIndex = 1; lastKnownFileType = text.xcconfig; name = "Pods-DMErrorHandlingPodExampleTests.debug.xcconfig"; path = "Target Support Files/Pods-DMErrorHandlingPodExampleTests/Pods-DMErrorHandlingPodExampleTests.debug.xcconfig"; sourceTree = "<group>"; };
		4892D1F26B37AB43F62760D1 /* Pods_DMErrorHandlingPodExample_DMErrorHandlingPodExampleUITests.framework */ = {isa = PBXFileReference; explicitFileType = wrapper.framework; includeInIndex = 0; path = Pods_DMErrorHandlingPodExample_DMErrorHandlingPodExampleUITests.framework; sourceTree = BUILT_PRODUCTS_DIR; };
		4FA2CEAF5011146A9BD6E8D5 /* Pods-DMErrorHandlingPodExample.debug.xcconfig */ = {isa = PBXFileReference; includeInIndex = 1; lastKnownFileType = text.xcconfig; name = "Pods-DMErrorHandlingPodExample.debug.xcconfig"; path = "Target Support Files/Pods-DMErrorHandlingPodExample/Pods-DMErrorHandlingPodExample.debug.xcconfig"; sourceTree = "<group>"; };
		572E3D77020C7DF04C847922 /* Pods_DMErrorHandlingPodExample.framework */ = {isa = PBXFileReference; explicitFileType = wrapper.framework; includeInIndex = 0; path = Pods_DMErrorHandlingPodExample.framework; sourceTree = BUILT_PRODUCTS_DIR; };
		654EE11BD77595D5953CAC48 /* Pods-DMErrorHandlingPodExampleTests.release.xcconfig */ = {isa = PBXFileReference; includeInIndex = 1; lastKnownFileType = text.xcconfig; name = "Pods-DMErrorHandlingPodExampleTests.release.xcconfig"; path = "Target Support Files/Pods-DMErrorHandlingPodExampleTests/Pods-DMErrorHandlingPodExampleTests.release.xcconfig"; sourceTree = "<group>"; };
		7F07674A5E65D2110253B019 /* Pods-DMErrorHandlingPodExample-DMErrorHandlingPodExampleUITests.debug.xcconfig */ = {isa = PBXFileReference; includeInIndex = 1; lastKnownFileType = text.xcconfig; name = "Pods-DMErrorHandlingPodExample-DMErrorHandlingPodExampleUITests.debug.xcconfig"; path = "Target Support Files/Pods-DMErrorHandlingPodExample-DMErrorHandlingPodExampleUITests/Pods-DMErrorHandlingPodExample-DMErrorHandlingPodExampleUITests.debug.xcconfig"; sourceTree = "<group>"; };
		B98501F1763AD635D89966ED /* Pods-DMErrorHandlingPodExample-DMErrorHandlingPodExampleUITests.release.xcconfig */ = {isa = PBXFileReference; includeInIndex = 1; lastKnownFileType = text.xcconfig; name = "Pods-DMErrorHandlingPodExample-DMErrorHandlingPodExampleUITests.release.xcconfig"; path = "Target Support Files/Pods-DMErrorHandlingPodExample-DMErrorHandlingPodExampleUITests/Pods-DMErrorHandlingPodExample-DMErrorHandlingPodExampleUITests.release.xcconfig"; sourceTree = "<group>"; };
		E9B1E2FA91CE58F171A55075 /* Pods_DMErrorHandlingPodExampleTests.framework */ = {isa = PBXFileReference; explicitFileType = wrapper.framework; includeInIndex = 0; path = Pods_DMErrorHandlingPodExampleTests.framework; sourceTree = BUILT_PRODUCTS_DIR; };
/* End PBXFileReference section */

/* Begin PBXFileSystemSynchronizedRootGroup section */
		2FCAF1AE2D397159007BF1D2 /* DMErrorHandlingPodExample */ = {
			isa = PBXFileSystemSynchronizedRootGroup;
			path = DMErrorHandlingPodExample;
			sourceTree = "<group>";
		};
		2FCAF1BF2D39715B007BF1D2 /* DMErrorHandlingPodExampleTests */ = {
			isa = PBXFileSystemSynchronizedRootGroup;
			path = DMErrorHandlingPodExampleTests;
			sourceTree = "<group>";
		};
		2FCAF1C92D39715B007BF1D2 /* DMErrorHandlingPodExampleUITests */ = {
			isa = PBXFileSystemSynchronizedRootGroup;
			path = DMErrorHandlingPodExampleUITests;
			sourceTree = "<group>";
		};
/* End PBXFileSystemSynchronizedRootGroup section */

/* Begin PBXFrameworksBuildPhase section */
		2FCAF1A92D397159007BF1D2 /* Frameworks */ = {
			isa = PBXFrameworksBuildPhase;
			buildActionMask = 2147483647;
			files = (
				CE1E04A403F44AC72CD414C6 /* Pods_DMErrorHandlingPodExample.framework in Frameworks */,
			);
			runOnlyForDeploymentPostprocessing = 0;
		};
		2FCAF1B92D39715B007BF1D2 /* Frameworks */ = {
			isa = PBXFrameworksBuildPhase;
			buildActionMask = 2147483647;
			files = (
				2405E377A0C5394CF040C349 /* Pods_DMErrorHandlingPodExampleTests.framework in Frameworks */,
			);
			runOnlyForDeploymentPostprocessing = 0;
		};
		2FCAF1C32D39715B007BF1D2 /* Frameworks */ = {
			isa = PBXFrameworksBuildPhase;
			buildActionMask = 2147483647;
			files = (
				3C630D9FA5014DCB2BD57764 /* Pods_DMErrorHandlingPodExample_DMErrorHandlingPodExampleUITests.framework in Frameworks */,
			);
			runOnlyForDeploymentPostprocessing = 0;
		};
/* End PBXFrameworksBuildPhase section */

/* Begin PBXGroup section */
		2FCAF1A32D397159007BF1D2 = {
			isa = PBXGroup;
			children = (
				2FCAF1AE2D397159007BF1D2 /* DMErrorHandlingPodExample */,
				2FCAF1BF2D39715B007BF1D2 /* DMErrorHandlingPodExampleTests */,
				2FCAF1C92D39715B007BF1D2 /* DMErrorHandlingPodExampleUITests */,
				2FCAF1AD2D397159007BF1D2 /* Products */,
				9164792A968DDBC95BA708AB /* Pods */,
				44F1F5C470DDB8D2D043C642 /* Frameworks */,
			);
			sourceTree = "<group>";
		};
		2FCAF1AD2D397159007BF1D2 /* Products */ = {
			isa = PBXGroup;
			children = (
				2FCAF1AC2D397159007BF1D2 /* DMErrorHandlingPodExample.app */,
				2FCAF1BC2D39715B007BF1D2 /* DMErrorHandlingPodExampleTests.xctest */,
				2FCAF1C62D39715B007BF1D2 /* DMErrorHandlingPodExampleUITests.xctest */,
			);
			name = Products;
			sourceTree = "<group>";
		};
		44F1F5C470DDB8D2D043C642 /* Frameworks */ = {
			isa = PBXGroup;
			children = (
				572E3D77020C7DF04C847922 /* Pods_DMErrorHandlingPodExample.framework */,
				4892D1F26B37AB43F62760D1 /* Pods_DMErrorHandlingPodExample_DMErrorHandlingPodExampleUITests.framework */,
				E9B1E2FA91CE58F171A55075 /* Pods_DMErrorHandlingPodExampleTests.framework */,
			);
			name = Frameworks;
			sourceTree = "<group>";
		};
		9164792A968DDBC95BA708AB /* Pods */ = {
			isa = PBXGroup;
			children = (
				4FA2CEAF5011146A9BD6E8D5 /* Pods-DMErrorHandlingPodExample.debug.xcconfig */,
				0C811EE45907218CD22F39BC /* Pods-DMErrorHandlingPodExample.release.xcconfig */,
				7F07674A5E65D2110253B019 /* Pods-DMErrorHandlingPodExample-DMErrorHandlingPodExampleUITests.debug.xcconfig */,
				B98501F1763AD635D89966ED /* Pods-DMErrorHandlingPodExample-DMErrorHandlingPodExampleUITests.release.xcconfig */,
				387BB66448E1871BDF3ABE17 /* Pods-DMErrorHandlingPodExampleTests.debug.xcconfig */,
				654EE11BD77595D5953CAC48 /* Pods-DMErrorHandlingPodExampleTests.release.xcconfig */,
			);
			path = Pods;
			sourceTree = "<group>";
		};
/* End PBXGroup section */

/* Begin PBXNativeTarget section */
		2FCAF1AB2D397159007BF1D2 /* DMErrorHandlingPodExample */ = {
			isa = PBXNativeTarget;
			buildConfigurationList = 2FCAF1D02D39715B007BF1D2 /* Build configuration list for PBXNativeTarget "DMErrorHandlingPodExample" */;
			buildPhases = (
				123E77C5C8EBE4F860EC9F7A /* [CP] Check Pods Manifest.lock */,
				2FCAF1A82D397159007BF1D2 /* Sources */,
				2FCAF1A92D397159007BF1D2 /* Frameworks */,
				2FCAF1AA2D397159007BF1D2 /* Resources */,
				CFDE4EADE50AA3BA51B608D7 /* [CP] Embed Pods Frameworks */,
			);
			buildRules = (
			);
			dependencies = (
			);
			fileSystemSynchronizedGroups = (
				2FCAF1AE2D397159007BF1D2 /* DMErrorHandlingPodExample */,
			);
			name = DMErrorHandlingPodExample;
			productName = DMErrorHandlingPodExample;
			productReference = 2FCAF1AC2D397159007BF1D2 /* DMErrorHandlingPodExample.app */;
			productType = "com.apple.product-type.application";
		};
		2FCAF1BB2D39715B007BF1D2 /* DMErrorHandlingPodExampleTests */ = {
			isa = PBXNativeTarget;
			buildConfigurationList = 2FCAF1D32D39715B007BF1D2 /* Build configuration list for PBXNativeTarget "DMErrorHandlingPodExampleTests" */;
			buildPhases = (
				A5EDFE649F86A2D6395CC257 /* [CP] Check Pods Manifest.lock */,
				2FCAF1B82D39715B007BF1D2 /* Sources */,
				2FCAF1B92D39715B007BF1D2 /* Frameworks */,
				2FCAF1BA2D39715B007BF1D2 /* Resources */,
			);
			buildRules = (
			);
			dependencies = (
				2FCAF1BE2D39715B007BF1D2 /* PBXTargetDependency */,
			);
			fileSystemSynchronizedGroups = (
				2FCAF1BF2D39715B007BF1D2 /* DMErrorHandlingPodExampleTests */,
			);
			name = DMErrorHandlingPodExampleTests;
			productName = DMErrorHandlingPodExampleTests;
			productReference = 2FCAF1BC2D39715B007BF1D2 /* DMErrorHandlingPodExampleTests.xctest */;
			productType = "com.apple.product-type.bundle.unit-test";
		};
		2FCAF1C52D39715B007BF1D2 /* DMErrorHandlingPodExampleUITests */ = {
			isa = PBXNativeTarget;
			buildConfigurationList = 2FCAF1D62D39715B007BF1D2 /* Build configuration list for PBXNativeTarget "DMErrorHandlingPodExampleUITests" */;
			buildPhases = (
				8AE29C4AD74C845CD282D8C5 /* [CP] Check Pods Manifest.lock */,
				2FCAF1C22D39715B007BF1D2 /* Sources */,
				2FCAF1C32D39715B007BF1D2 /* Frameworks */,
				2FCAF1C42D39715B007BF1D2 /* Resources */,
				75ED9C247575CC97EC0B63D9 /* [CP] Embed Pods Frameworks */,
			);
			buildRules = (
			);
			dependencies = (
				2FCAF1C82D39715B007BF1D2 /* PBXTargetDependency */,
			);
			fileSystemSynchronizedGroups = (
				2FCAF1C92D39715B007BF1D2 /* DMErrorHandlingPodExampleUITests */,
			);
			name = DMErrorHandlingPodExampleUITests;
			productName = DMErrorHandlingPodExampleUITests;
			productReference = 2FCAF1C62D39715B007BF1D2 /* DMErrorHandlingPodExampleUITests.xctest */;
			productType = "com.apple.product-type.bundle.ui-testing";
		};
/* End PBXNativeTarget section */

/* Begin PBXProject section */
		2FCAF1A42D397159007BF1D2 /* Project object */ = {
			isa = PBXProject;
			attributes = {
				BuildIndependentTargetsInParallel = 1;
				LastSwiftUpdateCheck = 1620;
				LastUpgradeCheck = 1620;
				TargetAttributes = {
					2FCAF1AB2D397159007BF1D2 = {
						CreatedOnToolsVersion = 16.2;
					};
					2FCAF1BB2D39715B007BF1D2 = {
						CreatedOnToolsVersion = 16.2;
						TestTargetID = 2FCAF1AB2D397159007BF1D2;
					};
					2FCAF1C52D39715B007BF1D2 = {
						CreatedOnToolsVersion = 16.2;
						TestTargetID = 2FCAF1AB2D397159007BF1D2;
					};
				};
			};
			buildConfigurationList = 2FCAF1A72D397159007BF1D2 /* Build configuration list for PBXProject "DMErrorHandlingPodExample" */;
			developmentRegion = en;
			hasScannedForEncodings = 0;
			knownRegions = (
				en,
				Base,
			);
			mainGroup = 2FCAF1A32D397159007BF1D2;
			minimizedProjectReferenceProxies = 1;
			preferredProjectObjectVersion = 77;
			productRefGroup = 2FCAF1AD2D397159007BF1D2 /* Products */;
			projectDirPath = "";
			projectRoot = "";
			targets = (
				2FCAF1AB2D397159007BF1D2 /* DMErrorHandlingPodExample */,
				2FCAF1BB2D39715B007BF1D2 /* DMErrorHandlingPodExampleTests */,
				2FCAF1C52D39715B007BF1D2 /* DMErrorHandlingPodExampleUITests */,
			);
		};
/* End PBXProject section */

/* Begin PBXResourcesBuildPhase section */
		2FCAF1AA2D397159007BF1D2 /* Resources */ = {
			isa = PBXResourcesBuildPhase;
			buildActionMask = 2147483647;
			files = (
			);
			runOnlyForDeploymentPostprocessing = 0;
		};
		2FCAF1BA2D39715B007BF1D2 /* Resources */ = {
			isa = PBXResourcesBuildPhase;
			buildActionMask = 2147483647;
			files = (
			);
			runOnlyForDeploymentPostprocessing = 0;
		};
		2FCAF1C42D39715B007BF1D2 /* Resources */ = {
			isa = PBXResourcesBuildPhase;
			buildActionMask = 2147483647;
			files = (
			);
			runOnlyForDeploymentPostprocessing = 0;
		};
/* End PBXResourcesBuildPhase section */

/* Begin PBXShellScriptBuildPhase section */
		123E77C5C8EBE4F860EC9F7A /* [CP] Check Pods Manifest.lock */ = {
			isa = PBXShellScriptBuildPhase;
			buildActionMask = 2147483647;
			files = (
			);
			inputFileListPaths = (
			);
			inputPaths = (
				"${PODS_PODFILE_DIR_PATH}/Podfile.lock",
				"${PODS_ROOT}/Manifest.lock",
			);
			name = "[CP] Check Pods Manifest.lock";
			outputFileListPaths = (
			);
			outputPaths = (
				"$(DERIVED_FILE_DIR)/Pods-DMErrorHandlingPodExample-checkManifestLockResult.txt",
			);
			runOnlyForDeploymentPostprocessing = 0;
			shellPath = /bin/sh;
			shellScript = "diff \"${PODS_PODFILE_DIR_PATH}/Podfile.lock\" \"${PODS_ROOT}/Manifest.lock\" > /dev/null\nif [ $? != 0 ] ; then\n    # print error to STDERR\n    echo \"error: The sandbox is not in sync with the Podfile.lock. Run 'pod install' or update your CocoaPods installation.\" >&2\n    exit 1\nfi\n# This output is used by Xcode 'outputs' to avoid re-running this script phase.\necho \"SUCCESS\" > \"${SCRIPT_OUTPUT_FILE_0}\"\n";
			showEnvVarsInLog = 0;
		};
		75ED9C247575CC97EC0B63D9 /* [CP] Embed Pods Frameworks */ = {
			isa = PBXShellScriptBuildPhase;
			buildActionMask = 2147483647;
			files = (
			);
			inputFileListPaths = (
				"${PODS_ROOT}/Target Support Files/Pods-DMErrorHandlingPodExample-DMErrorHandlingPodExampleUITests/Pods-DMErrorHandlingPodExample-DMErrorHandlingPodExampleUITests-frameworks-${CONFIGURATION}-input-files.xcfilelist",
			);
			name = "[CP] Embed Pods Frameworks";
			outputFileListPaths = (
				"${PODS_ROOT}/Target Support Files/Pods-DMErrorHandlingPodExample-DMErrorHandlingPodExampleUITests/Pods-DMErrorHandlingPodExample-DMErrorHandlingPodExampleUITests-frameworks-${CONFIGURATION}-output-files.xcfilelist",
			);
			runOnlyForDeploymentPostprocessing = 0;
			shellPath = /bin/sh;
			shellScript = "\"${PODS_ROOT}/Target Support Files/Pods-DMErrorHandlingPodExample-DMErrorHandlingPodExampleUITests/Pods-DMErrorHandlingPodExample-DMErrorHandlingPodExampleUITests-frameworks.sh\"\n";
			showEnvVarsInLog = 0;
		};
		8AE29C4AD74C845CD282D8C5 /* [CP] Check Pods Manifest.lock */ = {
			isa = PBXShellScriptBuildPhase;
			buildActionMask = 2147483647;
			files = (
			);
			inputFileListPaths = (
			);
			inputPaths = (
				"${PODS_PODFILE_DIR_PATH}/Podfile.lock",
				"${PODS_ROOT}/Manifest.lock",
			);
			name = "[CP] Check Pods Manifest.lock";
			outputFileListPaths = (
			);
			outputPaths = (
				"$(DERIVED_FILE_DIR)/Pods-DMErrorHandlingPodExample-DMErrorHandlingPodExampleUITests-checkManifestLockResult.txt",
			);
			runOnlyForDeploymentPostprocessing = 0;
			shellPath = /bin/sh;
			shellScript = "diff \"${PODS_PODFILE_DIR_PATH}/Podfile.lock\" \"${PODS_ROOT}/Manifest.lock\" > /dev/null\nif [ $? != 0 ] ; then\n    # print error to STDERR\n    echo \"error: The sandbox is not in sync with the Podfile.lock. Run 'pod install' or update your CocoaPods installation.\" >&2\n    exit 1\nfi\n# This output is used by Xcode 'outputs' to avoid re-running this script phase.\necho \"SUCCESS\" > \"${SCRIPT_OUTPUT_FILE_0}\"\n";
			showEnvVarsInLog = 0;
		};
		A5EDFE649F86A2D6395CC257 /* [CP] Check Pods Manifest.lock */ = {
			isa = PBXShellScriptBuildPhase;
			buildActionMask = 2147483647;
			files = (
			);
			inputFileListPaths = (
			);
			inputPaths = (
				"${PODS_PODFILE_DIR_PATH}/Podfile.lock",
				"${PODS_ROOT}/Manifest.lock",
			);
			name = "[CP] Check Pods Manifest.lock";
			outputFileListPaths = (
			);
			outputPaths = (
				"$(DERIVED_FILE_DIR)/Pods-DMErrorHandlingPodExampleTests-checkManifestLockResult.txt",
			);
			runOnlyForDeploymentPostprocessing = 0;
			shellPath = /bin/sh;
			shellScript = "diff \"${PODS_PODFILE_DIR_PATH}/Podfile.lock\" \"${PODS_ROOT}/Manifest.lock\" > /dev/null\nif [ $? != 0 ] ; then\n    # print error to STDERR\n    echo \"error: The sandbox is not in sync with the Podfile.lock. Run 'pod install' or update your CocoaPods installation.\" >&2\n    exit 1\nfi\n# This output is used by Xcode 'outputs' to avoid re-running this script phase.\necho \"SUCCESS\" > \"${SCRIPT_OUTPUT_FILE_0}\"\n";
			showEnvVarsInLog = 0;
		};
		CFDE4EADE50AA3BA51B608D7 /* [CP] Embed Pods Frameworks */ = {
			isa = PBXShellScriptBuildPhase;
			buildActionMask = 2147483647;
			files = (
			);
			inputFileListPaths = (
				"${PODS_ROOT}/Target Support Files/Pods-DMErrorHandlingPodExample/Pods-DMErrorHandlingPodExample-frameworks-${CONFIGURATION}-input-files.xcfilelist",
			);
			name = "[CP] Embed Pods Frameworks";
			outputFileListPaths = (
				"${PODS_ROOT}/Target Support Files/Pods-DMErrorHandlingPodExample/Pods-DMErrorHandlingPodExample-frameworks-${CONFIGURATION}-output-files.xcfilelist",
			);
			runOnlyForDeploymentPostprocessing = 0;
			shellPath = /bin/sh;
			shellScript = "\"${PODS_ROOT}/Target Support Files/Pods-DMErrorHandlingPodExample/Pods-DMErrorHandlingPodExample-frameworks.sh\"\n";
			showEnvVarsInLog = 0;
		};
/* End PBXShellScriptBuildPhase section */

/* Begin PBXSourcesBuildPhase section */
		2FCAF1A82D397159007BF1D2 /* Sources */ = {
			isa = PBXSourcesBuildPhase;
			buildActionMask = 2147483647;
			files = (
			);
			runOnlyForDeploymentPostprocessing = 0;
		};
		2FCAF1B82D39715B007BF1D2 /* Sources */ = {
			isa = PBXSourcesBuildPhase;
			buildActionMask = 2147483647;
			files = (
			);
			runOnlyForDeploymentPostprocessing = 0;
		};
		2FCAF1C22D39715B007BF1D2 /* Sources */ = {
			isa = PBXSourcesBuildPhase;
			buildActionMask = 2147483647;
			files = (
			);
			runOnlyForDeploymentPostprocessing = 0;
		};
/* End PBXSourcesBuildPhase section */

/* Begin PBXTargetDependency section */
		2FCAF1BE2D39715B007BF1D2 /* PBXTargetDependency */ = {
			isa = PBXTargetDependency;
			target = 2FCAF1AB2D397159007BF1D2 /* DMErrorHandlingPodExample */;
			targetProxy = 2FCAF1BD2D39715B007BF1D2 /* PBXContainerItemProxy */;
		};
		2FCAF1C82D39715B007BF1D2 /* PBXTargetDependency */ = {
			isa = PBXTargetDependency;
			target = 2FCAF1AB2D397159007BF1D2 /* DMErrorHandlingPodExample */;
			targetProxy = 2FCAF1C72D39715B007BF1D2 /* PBXContainerItemProxy */;
		};
/* End PBXTargetDependency section */

/* Begin XCBuildConfiguration section */
		2FCAF1CE2D39715B007BF1D2 /* Debug */ = {
			isa = XCBuildConfiguration;
			buildSettings = {
				ALWAYS_SEARCH_USER_PATHS = NO;
				ASSETCATALOG_COMPILER_GENERATE_SWIFT_ASSET_SYMBOL_EXTENSIONS = YES;
				CLANG_ANALYZER_NONNULL = YES;
				CLANG_ANALYZER_NUMBER_OBJECT_CONVERSION = YES_AGGRESSIVE;
				CLANG_CXX_LANGUAGE_STANDARD = "gnu++20";
				CLANG_ENABLE_MODULES = YES;
				CLANG_ENABLE_OBJC_ARC = YES;
				CLANG_ENABLE_OBJC_WEAK = YES;
				CLANG_WARN_BLOCK_CAPTURE_AUTORELEASING = YES;
				CLANG_WARN_BOOL_CONVERSION = YES;
				CLANG_WARN_COMMA = YES;
				CLANG_WARN_CONSTANT_CONVERSION = YES;
				CLANG_WARN_DEPRECATED_OBJC_IMPLEMENTATIONS = YES;
				CLANG_WARN_DIRECT_OBJC_ISA_USAGE = YES_ERROR;
				CLANG_WARN_DOCUMENTATION_COMMENTS = YES;
				CLANG_WARN_EMPTY_BODY = YES;
				CLANG_WARN_ENUM_CONVERSION = YES;
				CLANG_WARN_INFINITE_RECURSION = YES;
				CLANG_WARN_INT_CONVERSION = YES;
				CLANG_WARN_NON_LITERAL_NULL_CONVERSION = YES;
				CLANG_WARN_OBJC_IMPLICIT_RETAIN_SELF = YES;
				CLANG_WARN_OBJC_LITERAL_CONVERSION = YES;
				CLANG_WARN_OBJC_ROOT_CLASS = YES_ERROR;
				CLANG_WARN_QUOTED_INCLUDE_IN_FRAMEWORK_HEADER = YES;
				CLANG_WARN_RANGE_LOOP_ANALYSIS = YES;
				CLANG_WARN_STRICT_PROTOTYPES = YES;
				CLANG_WARN_SUSPICIOUS_MOVE = YES;
				CLANG_WARN_UNGUARDED_AVAILABILITY = YES_AGGRESSIVE;
				CLANG_WARN_UNREACHABLE_CODE = YES;
				CLANG_WARN__DUPLICATE_METHOD_MATCH = YES;
				COPY_PHASE_STRIP = NO;
				DEBUG_INFORMATION_FORMAT = dwarf;
				ENABLE_STRICT_OBJC_MSGSEND = YES;
				ENABLE_TESTABILITY = YES;
				ENABLE_USER_SCRIPT_SANDBOXING = NO;
				GCC_C_LANGUAGE_STANDARD = gnu17;
				GCC_DYNAMIC_NO_PIC = NO;
				GCC_NO_COMMON_BLOCKS = YES;
				GCC_OPTIMIZATION_LEVEL = 0;
				GCC_PREPROCESSOR_DEFINITIONS = (
					"DEBUG=1",
					"$(inherited)",
				);
				GCC_WARN_64_TO_32_BIT_CONVERSION = YES;
				GCC_WARN_ABOUT_RETURN_TYPE = YES_ERROR;
				GCC_WARN_UNDECLARED_SELECTOR = YES;
				GCC_WARN_UNINITIALIZED_AUTOS = YES_AGGRESSIVE;
				GCC_WARN_UNUSED_FUNCTION = YES;
				GCC_WARN_UNUSED_VARIABLE = YES;
				IPHONEOS_DEPLOYMENT_TARGET = 18.2;
				LOCALIZATION_PREFERS_STRING_CATALOGS = YES;
				MTL_ENABLE_DEBUG_INFO = INCLUDE_SOURCE;
				MTL_FAST_MATH = YES;
				ONLY_ACTIVE_ARCH = YES;
				SDKROOT = iphoneos;
				SWIFT_ACTIVE_COMPILATION_CONDITIONS = "DEBUG $(inherited)";
				SWIFT_OPTIMIZATION_LEVEL = "-Onone";
			};
			name = Debug;
		};
		2FCAF1CF2D39715B007BF1D2 /* Release */ = {
			isa = XCBuildConfiguration;
			buildSettings = {
				ALWAYS_SEARCH_USER_PATHS = NO;
				ASSETCATALOG_COMPILER_GENERATE_SWIFT_ASSET_SYMBOL_EXTENSIONS = YES;
				CLANG_ANALYZER_NONNULL = YES;
				CLANG_ANALYZER_NUMBER_OBJECT_CONVERSION = YES_AGGRESSIVE;
				CLANG_CXX_LANGUAGE_STANDARD = "gnu++20";
				CLANG_ENABLE_MODULES = YES;
				CLANG_ENABLE_OBJC_ARC = YES;
				CLANG_ENABLE_OBJC_WEAK = YES;
				CLANG_WARN_BLOCK_CAPTURE_AUTORELEASING = YES;
				CLANG_WARN_BOOL_CONVERSION = YES;
				CLANG_WARN_COMMA = YES;
				CLANG_WARN_CONSTANT_CONVERSION = YES;
				CLANG_WARN_DEPRECATED_OBJC_IMPLEMENTATIONS = YES;
				CLANG_WARN_DIRECT_OBJC_ISA_USAGE = YES_ERROR;
				CLANG_WARN_DOCUMENTATION_COMMENTS = YES;
				CLANG_WARN_EMPTY_BODY = YES;
				CLANG_WARN_ENUM_CONVERSION = YES;
				CLANG_WARN_INFINITE_RECURSION = YES;
				CLANG_WARN_INT_CONVERSION = YES;
				CLANG_WARN_NON_LITERAL_NULL_CONVERSION = YES;
				CLANG_WARN_OBJC_IMPLICIT_RETAIN_SELF = YES;
				CLANG_WARN_OBJC_LITERAL_CONVERSION = YES;
				CLANG_WARN_OBJC_ROOT_CLASS = YES_ERROR;
				CLANG_WARN_QUOTED_INCLUDE_IN_FRAMEWORK_HEADER = YES;
				CLANG_WARN_RANGE_LOOP_ANALYSIS = YES;
				CLANG_WARN_STRICT_PROTOTYPES = YES;
				CLANG_WARN_SUSPICIOUS_MOVE = YES;
				CLANG_WARN_UNGUARDED_AVAILABILITY = YES_AGGRESSIVE;
				CLANG_WARN_UNREACHABLE_CODE = YES;
				CLANG_WARN__DUPLICATE_METHOD_MATCH = YES;
				COPY_PHASE_STRIP = NO;
				DEBUG_INFORMATION_FORMAT = "dwarf-with-dsym";
				ENABLE_NS_ASSERTIONS = NO;
				ENABLE_STRICT_OBJC_MSGSEND = YES;
				ENABLE_USER_SCRIPT_SANDBOXING = NO;
				GCC_C_LANGUAGE_STANDARD = gnu17;
				GCC_NO_COMMON_BLOCKS = YES;
				GCC_WARN_64_TO_32_BIT_CONVERSION = YES;
				GCC_WARN_ABOUT_RETURN_TYPE = YES_ERROR;
				GCC_WARN_UNDECLARED_SELECTOR = YES;
				GCC_WARN_UNINITIALIZED_AUTOS = YES_AGGRESSIVE;
				GCC_WARN_UNUSED_FUNCTION = YES;
				GCC_WARN_UNUSED_VARIABLE = YES;
				IPHONEOS_DEPLOYMENT_TARGET = 18.2;
				LOCALIZATION_PREFERS_STRING_CATALOGS = YES;
				MTL_ENABLE_DEBUG_INFO = NO;
				MTL_FAST_MATH = YES;
				SDKROOT = iphoneos;
				SWIFT_COMPILATION_MODE = wholemodule;
				VALIDATE_PRODUCT = YES;
			};
			name = Release;
		};
		2FCAF1D12D39715B007BF1D2 /* Debug */ = {
			isa = XCBuildConfiguration;
			baseConfigurationReference = 4FA2CEAF5011146A9BD6E8D5 /* Pods-DMErrorHandlingPodExample.debug.xcconfig */;
			buildSettings = {
				ASSETCATALOG_COMPILER_APPICON_NAME = AppIcon;
				ASSETCATALOG_COMPILER_GLOBAL_ACCENT_COLOR_NAME = AccentColor;
				CODE_SIGN_STYLE = Automatic;
				CURRENT_PROJECT_VERSION = 0.0.1;
				DEVELOPMENT_ASSET_PATHS = "\"DMErrorHandlingPodExample/Preview Content\"";
				DEVELOPMENT_TEAM = KQ5WJ6ZC4G;
				ENABLE_PREVIEWS = YES;
				GENERATE_INFOPLIST_FILE = YES;
				INFOPLIST_KEY_UIApplicationSceneManifest_Generation = YES;
				INFOPLIST_KEY_UIApplicationSupportsIndirectInputEvents = YES;
				INFOPLIST_KEY_UILaunchScreen_Generation = YES;
				INFOPLIST_KEY_UISupportedInterfaceOrientations_iPad = "UIInterfaceOrientationPortrait UIInterfaceOrientationPortraitUpsideDown UIInterfaceOrientationLandscapeLeft UIInterfaceOrientationLandscapeRight";
				INFOPLIST_KEY_UISupportedInterfaceOrientations_iPhone = "UIInterfaceOrientationPortrait UIInterfaceOrientationLandscapeLeft UIInterfaceOrientationLandscapeRight";
				IPHONEOS_DEPLOYMENT_TARGET = 15.6;
				LD_RUNPATH_SEARCH_PATHS = (
					"$(inherited)",
					"@executable_path/Frameworks",
				);
				MARKETING_VERSION = 0.1.1;
				PRODUCT_BUNDLE_IDENTIFIER = com.dementievnikolay.DMErrorHandling.DMErrorHandlingPodExample;
				PRODUCT_NAME = "$(TARGET_NAME)";
				SWIFT_EMIT_LOC_STRINGS = YES;
				SWIFT_VERSION = 5.0;
				TARGETED_DEVICE_FAMILY = "1,2";
			};
			name = Debug;
		};
		2FCAF1D22D39715B007BF1D2 /* Release */ = {
			isa = XCBuildConfiguration;
			baseConfigurationReference = 0C811EE45907218CD22F39BC /* Pods-DMErrorHandlingPodExample.release.xcconfig */;
			buildSettings = {
				ASSETCATALOG_COMPILER_APPICON_NAME = AppIcon;
				ASSETCATALOG_COMPILER_GLOBAL_ACCENT_COLOR_NAME = AccentColor;
				CODE_SIGN_STYLE = Automatic;
				CURRENT_PROJECT_VERSION = 0.0.1;
				DEVELOPMENT_ASSET_PATHS = "\"DMErrorHandlingPodExample/Preview Content\"";
				DEVELOPMENT_TEAM = KQ5WJ6ZC4G;
				ENABLE_PREVIEWS = YES;
				GENERATE_INFOPLIST_FILE = YES;
				INFOPLIST_KEY_UIApplicationSceneManifest_Generation = YES;
				INFOPLIST_KEY_UIApplicationSupportsIndirectInputEvents = YES;
				INFOPLIST_KEY_UILaunchScreen_Generation = YES;
				INFOPLIST_KEY_UISupportedInterfaceOrientations_iPad = "UIInterfaceOrientationPortrait UIInterfaceOrientationPortraitUpsideDown UIInterfaceOrientationLandscapeLeft UIInterfaceOrientationLandscapeRight";
				INFOPLIST_KEY_UISupportedInterfaceOrientations_iPhone = "UIInterfaceOrientationPortrait UIInterfaceOrientationLandscapeLeft UIInterfaceOrientationLandscapeRight";
				IPHONEOS_DEPLOYMENT_TARGET = 15.6;
				LD_RUNPATH_SEARCH_PATHS = (
					"$(inherited)",
					"@executable_path/Frameworks",
				);
				MARKETING_VERSION = 0.1.1;
				PRODUCT_BUNDLE_IDENTIFIER = com.dementievnikolay.DMErrorHandling.DMErrorHandlingPodExample;
				PRODUCT_NAME = "$(TARGET_NAME)";
				SWIFT_EMIT_LOC_STRINGS = YES;
				SWIFT_VERSION = 5.0;
				TARGETED_DEVICE_FAMILY = "1,2";
			};
			name = Release;
		};
		2FCAF1D42D39715B007BF1D2 /* Debug */ = {
			isa = XCBuildConfiguration;
			baseConfigurationReference = 387BB66448E1871BDF3ABE17 /* Pods-DMErrorHandlingPodExampleTests.debug.xcconfig */;
			buildSettings = {
				BUNDLE_LOADER = "$(TEST_HOST)";
				CODE_SIGN_STYLE = Automatic;
				CURRENT_PROJECT_VERSION = 1;
				DEVELOPMENT_TEAM = KQ5WJ6ZC4G;
				GENERATE_INFOPLIST_FILE = YES;
				IPHONEOS_DEPLOYMENT_TARGET = 15.6;
				MARKETING_VERSION = 1.0;
				PRODUCT_BUNDLE_IDENTIFIER = com.dementievnikolay.DMErrorHandling.DMErrorHandlingPodExampleTests;
				PRODUCT_NAME = "$(TARGET_NAME)";
				SWIFT_EMIT_LOC_STRINGS = NO;
				SWIFT_VERSION = 5.0;
				TARGETED_DEVICE_FAMILY = "1,2";
				TEST_HOST = "$(BUILT_PRODUCTS_DIR)/DMErrorHandlingPodExample.app/$(BUNDLE_EXECUTABLE_FOLDER_PATH)/DMErrorHandlingPodExample";
			};
			name = Debug;
		};
		2FCAF1D52D39715B007BF1D2 /* Release */ = {
			isa = XCBuildConfiguration;
			baseConfigurationReference = 654EE11BD77595D5953CAC48 /* Pods-DMErrorHandlingPodExampleTests.release.xcconfig */;
			buildSettings = {
				BUNDLE_LOADER = "$(TEST_HOST)";
				CODE_SIGN_STYLE = Automatic;
				CURRENT_PROJECT_VERSION = 1;
				DEVELOPMENT_TEAM = KQ5WJ6ZC4G;
				GENERATE_INFOPLIST_FILE = YES;
				IPHONEOS_DEPLOYMENT_TARGET = 15.6;
				MARKETING_VERSION = 1.0;
				PRODUCT_BUNDLE_IDENTIFIER = com.dementievnikolay.DMErrorHandling.DMErrorHandlingPodExampleTests;
				PRODUCT_NAME = "$(TARGET_NAME)";
				SWIFT_EMIT_LOC_STRINGS = NO;
				SWIFT_VERSION = 5.0;
				TARGETED_DEVICE_FAMILY = "1,2";
				TEST_HOST = "$(BUILT_PRODUCTS_DIR)/DMErrorHandlingPodExample.app/$(BUNDLE_EXECUTABLE_FOLDER_PATH)/DMErrorHandlingPodExample";
			};
			name = Release;
		};
		2FCAF1D72D39715B007BF1D2 /* Debug */ = {
			isa = XCBuildConfiguration;
			baseConfigurationReference = 7F07674A5E65D2110253B019 /* Pods-DMErrorHandlingPodExample-DMErrorHandlingPodExampleUITests.debug.xcconfig */;
			buildSettings = {
				CODE_SIGN_STYLE = Automatic;
				CURRENT_PROJECT_VERSION = 1;
				DEVELOPMENT_TEAM = KQ5WJ6ZC4G;
				GENERATE_INFOPLIST_FILE = YES;
				IPHONEOS_DEPLOYMENT_TARGET = 15.6;
				MARKETING_VERSION = 1.0;
				PRODUCT_BUNDLE_IDENTIFIER = com.dementievnikolay.DMErrorHandling.DMErrorHandlingPodExampleUITests;
				PRODUCT_NAME = "$(TARGET_NAME)";
				SWIFT_EMIT_LOC_STRINGS = NO;
				SWIFT_VERSION = 5.0;
				TARGETED_DEVICE_FAMILY = "1,2";
				TEST_TARGET_NAME = DMErrorHandlingPodExample;
			};
			name = Debug;
		};
		2FCAF1D82D39715B007BF1D2 /* Release */ = {
			isa = XCBuildConfiguration;
			baseConfigurationReference = B98501F1763AD635D89966ED /* Pods-DMErrorHandlingPodExample-DMErrorHandlingPodExampleUITests.release.xcconfig */;
			buildSettings = {
				CODE_SIGN_STYLE = Automatic;
				CURRENT_PROJECT_VERSION = 1;
				DEVELOPMENT_TEAM = KQ5WJ6ZC4G;
				GENERATE_INFOPLIST_FILE = YES;
				IPHONEOS_DEPLOYMENT_TARGET = 15.6;
				MARKETING_VERSION = 1.0;
				PRODUCT_BUNDLE_IDENTIFIER = com.dementievnikolay.DMErrorHandling.DMErrorHandlingPodExampleUITests;
				PRODUCT_NAME = "$(TARGET_NAME)";
				SWIFT_EMIT_LOC_STRINGS = NO;
				SWIFT_VERSION = 5.0;
				TARGETED_DEVICE_FAMILY = "1,2";
				TEST_TARGET_NAME = DMErrorHandlingPodExample;
			};
			name = Release;
		};
/* End XCBuildConfiguration section */

/* Begin XCConfigurationList section */
		2FCAF1A72D397159007BF1D2 /* Build configuration list for PBXProject "DMErrorHandlingPodExample" */ = {
			isa = XCConfigurationList;
			buildConfigurations = (
				2FCAF1CE2D39715B007BF1D2 /* Debug */,
				2FCAF1CF2D39715B007BF1D2 /* Release */,
			);
			defaultConfigurationIsVisible = 0;
			defaultConfigurationName = Release;
		};
		2FCAF1D02D39715B007BF1D2 /* Build configuration list for PBXNativeTarget "DMErrorHandlingPodExample" */ = {
			isa = XCConfigurationList;
			buildConfigurations = (
				2FCAF1D12D39715B007BF1D2 /* Debug */,
				2FCAF1D22D39715B007BF1D2 /* Release */,
			);
			defaultConfigurationIsVisible = 0;
			defaultConfigurationName = Release;
		};
		2FCAF1D32D39715B007BF1D2 /* Build configuration list for PBXNativeTarget "DMErrorHandlingPodExampleTests" */ = {
			isa = XCConfigurationList;
			buildConfigurations = (
				2FCAF1D42D39715B007BF1D2 /* Debug */,
				2FCAF1D52D39715B007BF1D2 /* Release */,
			);
			defaultConfigurationIsVisible = 0;
			defaultConfigurationName = Release;
		};
		2FCAF1D62D39715B007BF1D2 /* Build configuration list for PBXNativeTarget "DMErrorHandlingPodExampleUITests" */ = {
			isa = XCConfigurationList;
			buildConfigurations = (
				2FCAF1D72D39715B007BF1D2 /* Debug */,
				2FCAF1D82D39715B007BF1D2 /* Release */,
			);
			defaultConfigurationIsVisible = 0;
			defaultConfigurationName = Release;
		};
/* End XCConfigurationList section */
	};
	rootObject = 2FCAF1A42D397159007BF1D2 /* Project object */;
}
