PODS:
  - DMErrorHandling (0.1.26)

DEPENDENCIES:
  - DMErrorHandling (from `../../`)

EXTERNAL SOURCES:
  DMErrorHandling:
    :path: "../../"

SPEC CHECKSUMS:
  DMErrorHandling: f0447030d25dfd39957b0c8a3ecf5be939965d75

PODFILE CHECKSUM: 2213c236d2a2272446ad8df54ac5f9965e866240

COCOAPODS: 1.16.2
