// !$*UTF8*$!
{
	archiveVersion = 1;
	classes = {
	};
	objectVersion = 77;
	objects = {

/* Begin PBXBuildFile section */
		0A5D4518EB6A56D7539CE00C /* DemoIdentifier.swift in Sources */ = {isa = PBXBuildFile; fileRef = 7E16D65638614EA3C956C2F8 /* DemoIdentifier.swift */; };
		0B47BE2022558EB8CD4E1509 /* ExampleLoadingSettings.swift in Sources */ = {isa = PBXBuildFile; fileRef = 16660AEC2BF9535391B9CAEA /* ExampleLoadingSettings.swift */; };
		0E9C45D4847AED97FA48EA7D /* LaunchOptions.swift in Sources */ = {isa = PBXBuildFile; fileRef = 218EE0BE1A164D671904E880 /* LaunchOptions.swift */; };
		1275CD3E62AF076E03957658 /* DemoScreen.swift in Sources */ = {isa = PBXBuildFile; fileRef = 31B745F9BAB7B7EEA5A8598D /* DemoScreen.swift */; };
		41FBC344C0A502A77B4B5740 /* DMUnLoader in Frameworks */ = {isa = PBXBuildFile; productRef = 7AE14DE50D5C64CE5060A002 /* DMUnLoader */; };
		4DA85DDD5AC257F6376B6CC5 /* DemoModel.swift in Sources */ = {isa = PBXBuildFile; fileRef = 6117800B5E50CBBC568746F8 /* DemoModel.swift */; };
		74C2EE6C9B006477AA6A7B4C /* SwiftUIExampleApp.swift in Sources */ = {isa = PBXBuildFile; fileRef = A29ED3E9CF26B03114E3A862 /* SwiftUIExampleApp.swift */; };
		B7D74AE858DBCAB2C0FCB04A /* main.swift in Sources */ = {isa = PBXBuildFile; fileRef = 10F0F2E466438E4E7C6FBC83 /* main.swift */; };
/* End PBXBuildFile section */

/* Begin PBXFileReference section */
		10F0F2E466438E4E7C6FBC83 /* main.swift */ = {isa = PBXFileReference; lastKnownFileType = sourcecode.swift; path = main.swift; sourceTree = "<group>"; };
		16660AEC2BF9535391B9CAEA /* ExampleLoadingSettings.swift */ = {isa = PBXFileReference; lastKnownFileType = sourcecode.swift; path = ExampleLoadingSettings.swift; sourceTree = "<group>"; };
		218EE0BE1A164D671904E880 /* LaunchOptions.swift */ = {isa = PBXFileReference; lastKnownFileType = sourcecode.swift; path = LaunchOptions.swift; sourceTree = "<group>"; };
		31B745F9BAB7B7EEA5A8598D /* DemoScreen.swift */ = {isa = PBXFileReference; lastKnownFileType = sourcecode.swift; path = DemoScreen.swift; sourceTree = "<group>"; };
		6117800B5E50CBBC568746F8 /* DemoModel.swift */ = {isa = PBXFileReference; lastKnownFileType = sourcecode.swift; path = DemoModel.swift; sourceTree = "<group>"; };
		711B968FD60CC3CA5C010DD3 /* DMUnLoaderExample.app */ = {isa = PBXFileReference; includeInIndex = 0; lastKnownFileType = wrapper.application; path = DMUnLoaderExample.app; sourceTree = BUILT_PRODUCTS_DIR; };
		7E16D65638614EA3C956C2F8 /* DemoIdentifier.swift */ = {isa = PBXFileReference; lastKnownFileType = sourcecode.swift; path = DemoIdentifier.swift; sourceTree = "<group>"; };
		A29ED3E9CF26B03114E3A862 /* SwiftUIExampleApp.swift */ = {isa = PBXFileReference; lastKnownFileType = sourcecode.swift; path = SwiftUIExampleApp.swift; sourceTree = "<group>"; };
		EE1803954730B803A412171D /* DMUnLoader */ = {isa = PBXFileReference; lastKnownFileType = folder; name = DMUnLoader; path = ../..; sourceTree = SOURCE_ROOT; };
/* End PBXFileReference section */

/* Begin PBXFrameworksBuildPhase section */
		517BC975EC0B970F2755F989 /* Frameworks */ = {
			isa = PBXFrameworksBuildPhase;
			buildActionMask = 2147483647;
			files = (
				41FBC344C0A502A77B4B5740 /* DMUnLoader in Frameworks */,
			);
			runOnlyForDeploymentPostprocessing = 0;
		};
/* End PBXFrameworksBuildPhase section */

/* Begin PBXGroup section */
		2FF10CC0CCA613B65B8BB588 /* Packages */ = {
			isa = PBXGroup;
			children = (
				EE1803954730B803A412171D /* DMUnLoader */,
			);
			name = Packages;
			sourceTree = "<group>";
		};
		3701CCB98A0A8F8111182CD6 /* Shared */ = {
			isa = PBXGroup;
			children = (
				7E16D65638614EA3C956C2F8 /* DemoIdentifier.swift */,
			);
			path = Shared;
			sourceTree = "<group>";
		};
		4D35432FE46A7442C2D4459A /* Demo */ = {
			isa = PBXGroup;
			children = (
				6117800B5E50CBBC568746F8 /* DemoModel.swift */,
				16660AEC2BF9535391B9CAEA /* ExampleLoadingSettings.swift */,
			);
			path = Demo;
			sourceTree = "<group>";
		};
		8F8644F780EDCE9D71B72492 = {
			isa = PBXGroup;
			children = (
				F3A91E2E80C7A58E928011B6 /* App */,
				2FF10CC0CCA613B65B8BB588 /* Packages */,
				3701CCB98A0A8F8111182CD6 /* Shared */,
				B88488D326646EA257DFBE2E /* Products */,
			);
			sourceTree = "<group>";
		};
		9C91B4F985F147182249FD4F /* SwiftUI */ = {
			isa = PBXGroup;
			children = (
				31B745F9BAB7B7EEA5A8598D /* DemoScreen.swift */,
				A29ED3E9CF26B03114E3A862 /* SwiftUIExampleApp.swift */,
			);
			path = SwiftUI;
			sourceTree = "<group>";
		};
		B88488D326646EA257DFBE2E /* Products */ = {
			isa = PBXGroup;
			children = (
				711B968FD60CC3CA5C010DD3 /* DMUnLoaderExample.app */,
			);
			name = Products;
			sourceTree = "<group>";
		};
		F3A91E2E80C7A58E928011B6 /* App */ = {
			isa = PBXGroup;
			children = (
				218EE0BE1A164D671904E880 /* LaunchOptions.swift */,
				10F0F2E466438E4E7C6FBC83 /* main.swift */,
				4D35432FE46A7442C2D4459A /* Demo */,
				9C91B4F985F147182249FD4F /* SwiftUI */,
			);
			path = App;
			sourceTree = "<group>";
		};
/* End PBXGroup section */

/* Begin PBXNativeTarget section */
		514C97066E02B2D7E2B25EAC /* DMUnLoaderExample */ = {
			isa = PBXNativeTarget;
			buildConfigurationList = F7DBDB08372873417AF44995 /* Build configuration list for PBXNativeTarget "DMUnLoaderExample" */;
			buildPhases = (
				BB7217579620D0A15474084B /* Sources */,
				517BC975EC0B970F2755F989 /* Frameworks */,
			);
			buildRules = (
			);
			dependencies = (
			);
			name = DMUnLoaderExample;
			packageProductDependencies = (
				7AE14DE50D5C64CE5060A002 /* DMUnLoader */,
			);
			productName = DMUnLoaderExample;
			productReference = 711B968FD60CC3CA5C010DD3 /* DMUnLoaderExample.app */;
			productType = "com.apple.product-type.application";
		};
/* End PBXNativeTarget section */

/* Begin PBXProject section */
		81F84367794AF14D1C6D00E4 /* Project object */ = {
			isa = PBXProject;
			attributes = {
				BuildIndependentTargetsInParallel = YES;
				LastUpgradeCheck = 1430;
				TargetAttributes = {
					514C97066E02B2D7E2B25EAC = {
						ProvisioningStyle = Automatic;
					};
				};
			};
			buildConfigurationList = 29758BD9D888F6DBBDBD5D6B /* Build configuration list for PBXProject "DMUnLoaderExample" */;
			developmentRegion = en;
			hasScannedForEncodings = 0;
			knownRegions = (
				Base,
				en,
			);
			mainGroup = 8F8644F780EDCE9D71B72492;
			minimizedProjectReferenceProxies = 1;
			packageReferences = (
				939FDC17550D5DC250EEF727 /* XCLocalSwiftPackageReference "../.." */,
			);
			preferredProjectObjectVersion = 77;
			productRefGroup = B88488D326646EA257DFBE2E /* Products */;
			projectDirPath = "";
			projectRoot = "";
			targets = (
				514C97066E02B2D7E2B25EAC /* DMUnLoaderExample */,
			);
		};
/* End PBXProject section */

/* Begin PBXSourcesBuildPhase section */
		BB7217579620D0A15474084B /* Sources */ = {
			isa = PBXSourcesBuildPhase;
			buildActionMask = 2147483647;
			files = (
				0A5D4518EB6A56D7539CE00C /* DemoIdentifier.swift in Sources */,
				4DA85DDD5AC257F6376B6CC5 /* DemoModel.swift in Sources */,
				1275CD3E62AF076E03957658 /* DemoScreen.swift in Sources */,
				0B47BE2022558EB8CD4E1509 /* ExampleLoadingSettings.swift in Sources */,
				0E9C45D4847AED97FA48EA7D /* LaunchOptions.swift in Sources */,
				74C2EE6C9B006477AA6A7B4C /* SwiftUIExampleApp.swift in Sources */,
				B7D74AE858DBCAB2C0FCB04A /* main.swift in Sources */,
			);
			runOnlyForDeploymentPostprocessing = 0;
		};
/* End PBXSourcesBuildPhase section */

/* Begin XCBuildConfiguration section */
		04AD5A28670A31791BDB47D8 /* Debug */ = {
			isa = XCBuildConfiguration;
			buildSettings = {
				ASSETCATALOG_COMPILER_APPICON_NAME = AppIcon;
				CODE_SIGN_IDENTITY = "iPhone Developer";
				INFOPLIST_KEY_CFBundleDisplayName = DMUnLoader;
				INFOPLIST_KEY_UIApplicationSceneManifest_Generation = YES;
				INFOPLIST_KEY_UILaunchScreen_Generation = YES;
				INFOPLIST_KEY_UISupportedInterfaceOrientations = UIInterfaceOrientationPortrait;
				LD_RUNPATH_SEARCH_PATHS = (
					"$(inherited)",
					"@executable_path/Frameworks",
				);
				PRODUCT_BUNDLE_IDENTIFIER = com.dmunloader.example.app;
				SDKROOT = iphoneos;
				TARGETED_DEVICE_FAMILY = "1,2";
			};
			name = Debug;
		};
		1EADA1DDB0FD695107C94BDF /* Release */ = {
			isa = XCBuildConfiguration;
			buildSettings = {
				ASSETCATALOG_COMPILER_APPICON_NAME = AppIcon;
				CODE_SIGN_IDENTITY = "iPhone Developer";
				INFOPLIST_KEY_CFBundleDisplayName = DMUnLoader;
				INFOPLIST_KEY_UIApplicationSceneManifest_Generation = YES;
				INFOPLIST_KEY_UILaunchScreen_Generation = YES;
				INFOPLIST_KEY_UISupportedInterfaceOrientations = UIInterfaceOrientationPortrait;
				LD_RUNPATH_SEARCH_PATHS = (
					"$(inherited)",
					"@executable_path/Frameworks",
				);
				PRODUCT_BUNDLE_IDENTIFIER = com.dmunloader.example.app;
				SDKROOT = iphoneos;
				TARGETED_DEVICE_FAMILY = "1,2";
			};
			name = Release;
		};
		650EEA690B747EDF991BA1B7 /* Debug */ = {
			isa = XCBuildConfiguration;
			buildSettings = {
				ALWAYS_SEARCH_USER_PATHS = NO;
				CLANG_ANALYZER_NONNULL = YES;
				CLANG_ANALYZER_NUMBER_OBJECT_CONVERSION = YES_AGGRESSIVE;
				CLANG_CXX_LANGUAGE_STANDARD = "gnu++14";
				CLANG_CXX_LIBRARY = "libc++";
				CLANG_ENABLE_MODULES = YES;
				CLANG_ENABLE_OBJC_ARC = YES;
				CLANG_ENABLE_OBJC_WEAK = YES;
				CLANG_WARN_BLOCK_CAPTURE_AUTORELEASING = YES;
				CLANG_WARN_BOOL_CONVERSION = YES;
				CLANG_WARN_COMMA = YES;
				CLANG_WARN_CONSTANT_CONVERSION = YES;
				CLANG_WARN_DEPRECATED_OBJC_IMPLEMENTATIONS = YES;
				CLANG_WARN_DIRECT_OBJC_ISA_USAGE = YES_ERROR;
				CLANG_WARN_DOCUMENTATION_COMMENTS = YES;
				CLANG_WARN_EMPTY_BODY = YES;
				CLANG_WARN_ENUM_CONVERSION = YES;
				CLANG_WARN_INFINITE_RECURSION = YES;
				CLANG_WARN_INT_CONVERSION = YES;
				CLANG_WARN_NON_LITERAL_NULL_CONVERSION = YES;
				CLANG_WARN_OBJC_IMPLICIT_RETAIN_SELF = YES;
				CLANG_WARN_OBJC_LITERAL_CONVERSION = YES;
				CLANG_WARN_OBJC_ROOT_CLASS = YES_ERROR;
				CLANG_WARN_QUOTED_INCLUDE_IN_FRAMEWORK_HEADER = YES;
				CLANG_WARN_RANGE_LOOP_ANALYSIS = YES;
				CLANG_WARN_STRICT_PROTOTYPES = YES;
				CLANG_WARN_SUSPICIOUS_MOVE = YES;
				CLANG_WARN_UNGUARDED_AVAILABILITY = YES_AGGRESSIVE;
				CLANG_WARN_UNREACHABLE_CODE = YES;
				CLANG_WARN__DUPLICATE_METHOD_MATCH = YES;
				CODE_SIGN_STYLE = Automatic;
				COPY_PHASE_STRIP = NO;
				DEBUG_INFORMATION_FORMAT = dwarf;
				ENABLE_STRICT_OBJC_MSGSEND = YES;
				ENABLE_TESTABILITY = YES;
				GCC_C_LANGUAGE_STANDARD = gnu11;
				GCC_DYNAMIC_NO_PIC = NO;
				GCC_NO_COMMON_BLOCKS = YES;
				GCC_OPTIMIZATION_LEVEL = 0;
				GCC_PREPROCESSOR_DEFINITIONS = (
					"$(inherited)",
					"DEBUG=1",
				);
				GCC_WARN_64_TO_32_BIT_CONVERSION = YES;
				GCC_WARN_ABOUT_RETURN_TYPE = YES_ERROR;
				GCC_WARN_UNDECLARED_SELECTOR = YES;
				GCC_WARN_UNINITIALIZED_AUTOS = YES_AGGRESSIVE;
				GCC_WARN_UNUSED_FUNCTION = YES;
				GCC_WARN_UNUSED_VARIABLE = YES;
				GENERATE_INFOPLIST_FILE = YES;
				IPHONEOS_DEPLOYMENT_TARGET = 17.0;
				MTL_ENABLE_DEBUG_INFO = INCLUDE_SOURCE;
				MTL_FAST_MATH = YES;
				ONLY_ACTIVE_ARCH = YES;
				PRODUCT_NAME = "$(TARGET_NAME)";
				SDKROOT = iphoneos;
				SWIFT_ACTIVE_COMPILATION_CONDITIONS = DEBUG;
				SWIFT_OPTIMIZATION_LEVEL = "-Onone";
				SWIFT_UPCOMING_FEATURE_EXISTENTIAL_ANY = YES;
				SWIFT_VERSION = 6.0;
			};
			name = Debug;
		};
		971ED0747B5F3A871FE03FA7 /* Release */ = {
			isa = XCBuildConfiguration;
			buildSettings = {
				ALWAYS_SEARCH_USER_PATHS = NO;
				CLANG_ANALYZER_NONNULL = YES;
				CLANG_ANALYZER_NUMBER_OBJECT_CONVERSION = YES_AGGRESSIVE;
				CLANG_CXX_LANGUAGE_STANDARD = "gnu++14";
				CLANG_CXX_LIBRARY = "libc++";
				CLANG_ENABLE_MODULES = YES;
				CLANG_ENABLE_OBJC_ARC = YES;
				CLANG_ENABLE_OBJC_WEAK = YES;
				CLANG_WARN_BLOCK_CAPTURE_AUTORELEASING = YES;
				CLANG_WARN_BOOL_CONVERSION = YES;
				CLANG_WARN_COMMA = YES;
				CLANG_WARN_CONSTANT_CONVERSION = YES;
				CLANG_WARN_DEPRECATED_OBJC_IMPLEMENTATIONS = YES;
				CLANG_WARN_DIRECT_OBJC_ISA_USAGE = YES_ERROR;
				CLANG_WARN_DOCUMENTATION_COMMENTS = YES;
				CLANG_WARN_EMPTY_BODY = YES;
				CLANG_WARN_ENUM_CONVERSION = YES;
				CLANG_WARN_INFINITE_RECURSION = YES;
				CLANG_WARN_INT_CONVERSION = YES;
				CLANG_WARN_NON_LITERAL_NULL_CONVERSION = YES;
				CLANG_WARN_OBJC_IMPLICIT_RETAIN_SELF = YES;
				CLANG_WARN_OBJC_LITERAL_CONVERSION = YES;
				CLANG_WARN_OBJC_ROOT_CLASS = YES_ERROR;
				CLANG_WARN_QUOTED_INCLUDE_IN_FRAMEWORK_HEADER = YES;
				CLANG_WARN_RANGE_LOOP_ANALYSIS = YES;
				CLANG_WARN_STRICT_PROTOTYPES = YES;
				CLANG_WARN_SUSPICIOUS_MOVE = YES;
				CLANG_WARN_UNGUARDED_AVAILABILITY = YES_AGGRESSIVE;
				CLANG_WARN_UNREACHABLE_CODE = YES;
				CLANG_WARN__DUPLICATE_METHOD_MATCH = YES;
				CODE_SIGN_STYLE = Automatic;
				COPY_PHASE_STRIP = NO;
				DEBUG_INFORMATION_FORMAT = "dwarf-with-dsym";
				ENABLE_NS_ASSERTIONS = NO;
				ENABLE_STRICT_OBJC_MSGSEND = YES;
				GCC_C_LANGUAGE_STANDARD = gnu11;
				GCC_NO_COMMON_BLOCKS = YES;
				GCC_WARN_64_TO_32_BIT_CONVERSION = YES;
				GCC_WARN_ABOUT_RETURN_TYPE = YES_ERROR;
				GCC_WARN_UNDECLARED_SELECTOR = YES;
				GCC_WARN_UNINITIALIZED_AUTOS = YES_AGGRESSIVE;
				GCC_WARN_UNUSED_FUNCTION = YES;
				GCC_WARN_UNUSED_VARIABLE = YES;
				GENERATE_INFOPLIST_FILE = YES;
				IPHONEOS_DEPLOYMENT_TARGET = 17.0;
				MTL_ENABLE_DEBUG_INFO = NO;
				MTL_FAST_MATH = YES;
				PRODUCT_NAME = "$(TARGET_NAME)";
				SDKROOT = iphoneos;
				SWIFT_COMPILATION_MODE = wholemodule;
				SWIFT_OPTIMIZATION_LEVEL = "-O";
				SWIFT_UPCOMING_FEATURE_EXISTENTIAL_ANY = YES;
				SWIFT_VERSION = 6.0;
			};
			name = Release;
		};
/* End XCBuildConfiguration section */

/* Begin XCConfigurationList section */
		29758BD9D888F6DBBDBD5D6B /* Build configuration list for PBXProject "DMUnLoaderExample" */ = {
			isa = XCConfigurationList;
			buildConfigurations = (
				650EEA690B747EDF991BA1B7 /* Debug */,
				971ED0747B5F3A871FE03FA7 /* Release */,
			);
			defaultConfigurationIsVisible = 0;
			defaultConfigurationName = Debug;
		};
		F7DBDB08372873417AF44995 /* Build configuration list for PBXNativeTarget "DMUnLoaderExample" */ = {
			isa = XCConfigurationList;
			buildConfigurations = (
				04AD5A28670A31791BDB47D8 /* Debug */,
				1EADA1DDB0FD695107C94BDF /* Release */,
			);
			defaultConfigurationIsVisible = 0;
			defaultConfigurationName = Debug;
		};
/* End XCConfigurationList section */

/* Begin XCLocalSwiftPackageReference section */
		939FDC17550D5DC250EEF727 /* XCLocalSwiftPackageReference "../.." */ = {
			isa = XCLocalSwiftPackageReference;
			relativePath = ../..;
		};
/* End XCLocalSwiftPackageReference section */

/* Begin XCSwiftPackageProductDependency section */
		7AE14DE50D5C64CE5060A002 /* DMUnLoader */ = {
			isa = XCSwiftPackageProductDependency;
			productName = DMUnLoader;
		};
/* End XCSwiftPackageProductDependency section */
	};
	rootObject = 81F84367794AF14D1C6D00E4 /* Project object */;
}
