{
  "originHash" : "49f43300fce58a53bf49c37777f29d159f07337dffa8abdd21cd3feebdcaaf28",
  "pins" : [
    {
      "identity" : "swiftlintplugin",
      "kind" : "remoteSourceControl",
      "location" : "https://github.com/GayleDunham/SwiftLintPlugin.git",
      "state" : {
        "branch" : "main",
        "revision" : "0bb7767a7c64701b62cb6fcb4d846bd01869662b"
      }
    }
  ],
  "version" : 3
}
